
Microsoft Visual Studio Solution File, Format Version 12.00
# Visual Studio Version 17
VisualStudioVersion = 17.11.35312.102
MinimumVisualStudioVersion = 10.0.40219.1
Project("{FAE04EC0-301F-11D3-BF4B-00C04F79EFBC}") = "FileUpload", "FileUpload\FileUpload.csproj", "{95E56E23-64C5-42EF-8917-3B8148E62E93}"
EndProject
Project("{2150E333-8FDC-42A3-9474-1A3956D46DE8}") = "Solution Items", "Solution Items", "{CCED1D23-BDDC-4633-AF07-8C0C3020EB7C}"
	ProjectSection(SolutionItems) = preProject
		.editorconfig = .editorconfig
	EndProjectSection
EndProject
Global
	GlobalSection(SolutionConfigurationPlatforms) = preSolution
		Debug|Any CPU = Debug|Any CPU
		Release|Any CPU = Release|Any CPU
	EndGlobalSection
	GlobalSection(ProjectConfigurationPlatforms) = postSolution
		{95E56E23-64C5-42EF-8917-3B8148E62E93}.Debug|Any CPU.ActiveCfg = Debug|Any CPU
		{95E56E23-64C5-42EF-8917-3B8148E62E93}.Debug|Any CPU.Build.0 = Debug|Any CPU
		{95E56E23-64C5-42EF-8917-3B8148E62E93}.Release|Any CPU.ActiveCfg = Release|Any CPU
		{95E56E23-64C5-42EF-8917-3B8148E62E93}.Release|Any CPU.Build.0 = Release|Any CPU
	EndGlobalSection
	GlobalSection(SolutionProperties) = preSolution
		HideSolutionNode = FALSE
	EndGlobalSection
	GlobalSection(ExtensibilityGlobals) = postSolution
		SolutionGuid = {A01D1EC0-5230-41AD-8C4A-02517D92B71B}
	EndGlobalSection
EndGlobal
